
Microsoft Visual Studio Solution File, Format Version 12.00
# Visual Studio Version 17
VisualStudioVersion = 17.0.31903.59
MinimumVisualStudioVersion = 10.0.40219.1
Project("{F2A71F9B-5D33-465A-A702-920D77279786}") = "PrefixTreeSet", "PrefixTreeSet\PrefixTreeSet.fsproj", "{A381065F-9AC5-4C89-B587-08E8F1A2344A}"
EndProject
Project("{F2A71F9B-5D33-465A-A702-920D77279786}") = "PrefixTreeSet.Tests", "PrefixTreeSet.Tests\PrefixTreeSet.Tests.fsproj", "{0036E779-99EA-4520-BDFA-770347ED431E}"
EndProject
Global
	GlobalSection(SolutionConfigurationPlatforms) = preSolution
		Debug|Any CPU = Debug|Any CPU
		Release|Any CPU = Release|Any CPU
	EndGlobalSection
	GlobalSection(SolutionProperties) = preSolution
		HideSolutionNode = FALSE
	EndGlobalSection
	GlobalSection(ProjectConfigurationPlatforms) = postSolution
		{A381065F-9AC5-4C89-B587-08E8F1A2344A}.Debug|Any CPU.ActiveCfg = Debug|Any CPU
		{A381065F-9AC5-4C89-B587-08E8F1A2344A}.Debug|Any CPU.Build.0 = Debug|Any CPU
		{A381065F-9AC5-4C89-B587-08E8F1A2344A}.Release|Any CPU.ActiveCfg = Release|Any CPU
		{A381065F-9AC5-4C89-B587-08E8F1A2344A}.Release|Any CPU.Build.0 = Release|Any CPU
		{0036E779-99EA-4520-BDFA-770347ED431E}.Debug|Any CPU.ActiveCfg = Debug|Any CPU
		{0036E779-99EA-4520-BDFA-770347ED431E}.Debug|Any CPU.Build.0 = Debug|Any CPU
		{0036E779-99EA-4520-BDFA-770347ED431E}.Release|Any CPU.ActiveCfg = Release|Any CPU
		{0036E779-99EA-4520-BDFA-770347ED431E}.Release|Any CPU.Build.0 = Release|Any CPU
	EndGlobalSection
EndGlobal
